
Microsoft Visual Studio Solution File, Format Version 12.00
# Visual Studio Version 17
VisualStudioVersion = 17.4.33403.182
MinimumVisualStudioVersion = 10.0.40219.1
Project("{FAE04EC0-301F-11D3-BF4B-00C04F79EFBC}") = "GamesStore_11883_API", "GamesStore_11883_API\GamesStore_11883_API.csproj", "{0376D6B8-9F26-41E6-9255-71902D461EB4}"
EndProject
Global
	GlobalSection(SolutionConfigurationPlatforms) = preSolution
		Debug|Any CPU = Debug|Any CPU
		Release|Any CPU = Release|Any CPU
	EndGlobalSection
	GlobalSection(ProjectConfigurationPlatforms) = postSolution
		{0376D6B8-9F26-41E6-9255-71902D461EB4}.Debug|Any CPU.ActiveCfg = Debug|Any CPU
		{0376D6B8-9F26-41E6-9255-71902D461EB4}.Debug|Any CPU.Build.0 = Debug|Any CPU
		{0376D6B8-9F26-41E6-9255-71902D461EB4}.Release|Any CPU.ActiveCfg = Release|Any CPU
		{0376D6B8-9F26-41E6-9255-71902D461EB4}.Release|Any CPU.Build.0 = Release|Any CPU
	EndGlobalSection
	GlobalSection(SolutionProperties) = preSolution
		HideSolutionNode = FALSE
	EndGlobalSection
	GlobalSection(ExtensibilityGlobals) = postSolution
		SolutionGuid = {06DC64DD-5AD6-4604-89FB-9FB107141B22}
	EndGlobalSection
EndGlobal
